
Microsoft Visual Studio Solution File, Format Version 12.00
# Visual Studio Version 17
VisualStudioVersion = 17.2.32630.192
MinimumVisualStudioVersion = 10.0.40219.1
Project("{FAE04EC0-301F-11D3-BF4B-00C04F79EFBC}") = "task 5", "task 5\task 5.csproj", "{49C609EB-E1E7-4082-B296-2C7C78BECA27}"
EndProject
Project("{FAE04EC0-301F-11D3-BF4B-00C04F79EFBC}") = "task 5.1", "task 5.1\task 5.1.csproj", "{42ADE125-DF65-49CB-AF3B-A5D356FEE907}"
EndProject
Project("{FAE04EC0-301F-11D3-BF4B-00C04F79EFBC}") = "task 5.2", "task 5.2\task 5.2.csproj", "{4F98BC9F-6EF1-449F-A7DD-FB51ECC79DCA}"
EndProject
Global
	GlobalSection(SolutionConfigurationPlatforms) = preSolution
		Debug|Any CPU = Debug|Any CPU
		Release|Any CPU = Release|Any CPU
	EndGlobalSection
	GlobalSection(ProjectConfigurationPlatforms) = postSolution
		{49C609EB-E1E7-4082-B296-2C7C78BECA27}.Debug|Any CPU.ActiveCfg = Debug|Any CPU
		{49C609EB-E1E7-4082-B296-2C7C78BECA27}.Debug|Any CPU.Build.0 = Debug|Any CPU
		{49C609EB-E1E7-4082-B296-2C7C78BECA27}.Release|Any CPU.ActiveCfg = Release|Any CPU
		{49C609EB-E1E7-4082-B296-2C7C78BECA27}.Release|Any CPU.Build.0 = Release|Any CPU
		{42ADE125-DF65-49CB-AF3B-A5D356FEE907}.Debug|Any CPU.ActiveCfg = Debug|Any CPU
		{42ADE125-DF65-49CB-AF3B-A5D356FEE907}.Debug|Any CPU.Build.0 = Debug|Any CPU
		{42ADE125-DF65-49CB-AF3B-A5D356FEE907}.Release|Any CPU.ActiveCfg = Release|Any CPU
		{42ADE125-DF65-49CB-AF3B-A5D356FEE907}.Release|Any CPU.Build.0 = Release|Any CPU
		{4F98BC9F-6EF1-449F-A7DD-FB51ECC79DCA}.Debug|Any CPU.ActiveCfg = Debug|Any CPU
		{4F98BC9F-6EF1-449F-A7DD-FB51ECC79DCA}.Debug|Any CPU.Build.0 = Debug|Any CPU
		{4F98BC9F-6EF1-449F-A7DD-FB51ECC79DCA}.Release|Any CPU.ActiveCfg = Release|Any CPU
		{4F98BC9F-6EF1-449F-A7DD-FB51ECC79DCA}.Release|Any CPU.Build.0 = Release|Any CPU
	EndGlobalSection
	GlobalSection(SolutionProperties) = preSolution
		HideSolutionNode = FALSE
	EndGlobalSection
	GlobalSection(ExtensibilityGlobals) = postSolution
		SolutionGuid = {7EC35B23-B7F8-4F78-9B88-9B3C1E3FE448}
	EndGlobalSection
EndGlobal
